
Microsoft Visual Studio Solution File, Format Version 12.00
# Visual Studio Version 17
VisualStudioVersion = 17.5.33516.290
MinimumVisualStudioVersion = 10.0.40219.1
Project("{FAE04EC0-301F-11D3-BF4B-00C04F79EFBC}") = "WebApplication1", "WebApplication1\WebApplication1.csproj", "{CC0B4614-2D61-4C84-BB83-8BED04C222F8}"
EndProject
Global
	GlobalSection(SolutionConfigurationPlatforms) = preSolution
		Debug|Any CPU = Debug|Any CPU
		Release|Any CPU = Release|Any CPU
	EndGlobalSection
	GlobalSection(ProjectConfigurationPlatforms) = postSolution
		{CC0B4614-2D61-4C84-BB83-8BED04C222F8}.Debug|Any CPU.ActiveCfg = Debug|Any CPU
		{CC0B4614-2D61-4C84-BB83-8BED04C222F8}.Debug|Any CPU.Build.0 = Debug|Any CPU
		{CC0B4614-2D61-4C84-BB83-8BED04C222F8}.Release|Any CPU.ActiveCfg = Release|Any CPU
		{CC0B4614-2D61-4C84-BB83-8BED04C222F8}.Release|Any CPU.Build.0 = Release|Any CPU
	EndGlobalSection
	GlobalSection(SolutionProperties) = preSolution
		HideSolutionNode = FALSE
	EndGlobalSection
	GlobalSection(ExtensibilityGlobals) = postSolution
		SolutionGuid = {B165AA6E-9634-480C-B4AD-13A5085FA500}
	EndGlobalSection
EndGlobal
